{
  "name": "gpio",
  "version": "1.0.0",
  "lockfileVersion": 1,
  "requires": true,
  "dependencies": {
    "pigpio-client": {
      "version": "1.5.1",
      "resolved": "https://registry.npmjs.org/pigpio-client/-/pigpio-client-1.5.1.tgz",
      "integrity": "sha512-zrzrub7dihVpvAoaO1NV+h0Kyqz+fETwiqIlEDibFE3C76Q606C8RrjPZw59na4LSGlOqNEygp92+YQl9DUdXg=="
    }
  }
}
